
Microsoft Visual Studio Solution File, Format Version 12.00
# Visual Studio 15
VisualStudioVersion = 15.0.27130.2020
MinimumVisualStudioVersion = 10.0.40219.1
Project("{8BC9CEB8-8B4A-11D0-8D11-00A0C91BC942}") = "CardReader", "CardReader\CardReader.vcxproj", "{7AA02301-150B-4A94-9029-322BF7C5E2D8}"
EndProject
Project("{FAE04EC0-301F-11D3-BF4B-00C04F79EFBC}") = "TermConfigProgram", "TermConfigProgram\TermConfigProgram.csproj", "{D5891A10-235F-465C-9CC2-35C8D8AE2F06}"
EndProject
Project("{FAE04EC0-301F-11D3-BF4B-00C04F79EFBC}") = "DeviceTest", "DeviceTest\DeviceTest.csproj", "{45C0157A-95C0-4FBA-A9C7-F7FC91AF92B2}"
EndProject
Project("{8BC9CEB8-8B4A-11D0-8D11-00A0C91BC942}") = "Print_32", "Print_32\Print_32.vcxproj", "{9CF2DA59-46BF-4F07-BEA5-7EEEC6A33545}"
EndProject
Global
	GlobalSection(SolutionConfigurationPlatforms) = preSolution
		Debug|Any CPU = Debug|Any CPU
		Debug|x64 = Debug|x64
		Debug|x86 = Debug|x86
		Release|Any CPU = Release|Any CPU
		Release|x64 = Release|x64
		Release|x86 = Release|x86
	EndGlobalSection
	GlobalSection(ProjectConfigurationPlatforms) = postSolution
		{7AA02301-150B-4A94-9029-322BF7C5E2D8}.Debug|Any CPU.ActiveCfg = Debug|Win32
		{7AA02301-150B-4A94-9029-322BF7C5E2D8}.Debug|x64.ActiveCfg = Debug|x64
		{7AA02301-150B-4A94-9029-322BF7C5E2D8}.Debug|x64.Build.0 = Debug|x64
		{7AA02301-150B-4A94-9029-322BF7C5E2D8}.Debug|x86.ActiveCfg = Debug|Win32
		{7AA02301-150B-4A94-9029-322BF7C5E2D8}.Debug|x86.Build.0 = Debug|Win32
		{7AA02301-150B-4A94-9029-322BF7C5E2D8}.Release|Any CPU.ActiveCfg = Release|Win32
		{7AA02301-150B-4A94-9029-322BF7C5E2D8}.Release|x64.ActiveCfg = Release|x64
		{7AA02301-150B-4A94-9029-322BF7C5E2D8}.Release|x64.Build.0 = Release|x64
		{7AA02301-150B-4A94-9029-322BF7C5E2D8}.Release|x86.ActiveCfg = Release|Win32
		{7AA02301-150B-4A94-9029-322BF7C5E2D8}.Release|x86.Build.0 = Release|Win32
		{D5891A10-235F-465C-9CC2-35C8D8AE2F06}.Debug|Any CPU.ActiveCfg = Debug|Any CPU
		{D5891A10-235F-465C-9CC2-35C8D8AE2F06}.Debug|Any CPU.Build.0 = Debug|Any CPU
		{D5891A10-235F-465C-9CC2-35C8D8AE2F06}.Debug|x64.ActiveCfg = Debug|Any CPU
		{D5891A10-235F-465C-9CC2-35C8D8AE2F06}.Debug|x64.Build.0 = Debug|Any CPU
		{D5891A10-235F-465C-9CC2-35C8D8AE2F06}.Debug|x86.ActiveCfg = Debug|Any CPU
		{D5891A10-235F-465C-9CC2-35C8D8AE2F06}.Debug|x86.Build.0 = Debug|Any CPU
		{D5891A10-235F-465C-9CC2-35C8D8AE2F06}.Release|Any CPU.ActiveCfg = Release|Any CPU
		{D5891A10-235F-465C-9CC2-35C8D8AE2F06}.Release|Any CPU.Build.0 = Release|Any CPU
		{D5891A10-235F-465C-9CC2-35C8D8AE2F06}.Release|x64.ActiveCfg = Release|Any CPU
		{D5891A10-235F-465C-9CC2-35C8D8AE2F06}.Release|x64.Build.0 = Release|Any CPU
		{D5891A10-235F-465C-9CC2-35C8D8AE2F06}.Release|x86.ActiveCfg = Release|Any CPU
		{D5891A10-235F-465C-9CC2-35C8D8AE2F06}.Release|x86.Build.0 = Release|Any CPU
		{45C0157A-95C0-4FBA-A9C7-F7FC91AF92B2}.Debug|Any CPU.ActiveCfg = Debug|Any CPU
		{45C0157A-95C0-4FBA-A9C7-F7FC91AF92B2}.Debug|Any CPU.Build.0 = Debug|Any CPU
		{45C0157A-95C0-4FBA-A9C7-F7FC91AF92B2}.Debug|x64.ActiveCfg = Debug|Any CPU
		{45C0157A-95C0-4FBA-A9C7-F7FC91AF92B2}.Debug|x64.Build.0 = Debug|Any CPU
		{45C0157A-95C0-4FBA-A9C7-F7FC91AF92B2}.Debug|x86.ActiveCfg = Debug|Any CPU
		{45C0157A-95C0-4FBA-A9C7-F7FC91AF92B2}.Debug|x86.Build.0 = Debug|Any CPU
		{45C0157A-95C0-4FBA-A9C7-F7FC91AF92B2}.Release|Any CPU.ActiveCfg = Release|Any CPU
		{45C0157A-95C0-4FBA-A9C7-F7FC91AF92B2}.Release|Any CPU.Build.0 = Release|Any CPU
		{45C0157A-95C0-4FBA-A9C7-F7FC91AF92B2}.Release|x64.ActiveCfg = Release|Any CPU
		{45C0157A-95C0-4FBA-A9C7-F7FC91AF92B2}.Release|x64.Build.0 = Release|Any CPU
		{45C0157A-95C0-4FBA-A9C7-F7FC91AF92B2}.Release|x86.ActiveCfg = Release|Any CPU
		{45C0157A-95C0-4FBA-A9C7-F7FC91AF92B2}.Release|x86.Build.0 = Release|Any CPU
		{9CF2DA59-46BF-4F07-BEA5-7EEEC6A33545}.Debug|Any CPU.ActiveCfg = Debug|Win32
		{9CF2DA59-46BF-4F07-BEA5-7EEEC6A33545}.Debug|x64.ActiveCfg = Debug|x64
		{9CF2DA59-46BF-4F07-BEA5-7EEEC6A33545}.Debug|x64.Build.0 = Debug|x64
		{9CF2DA59-46BF-4F07-BEA5-7EEEC6A33545}.Debug|x86.ActiveCfg = Debug|Win32
		{9CF2DA59-46BF-4F07-BEA5-7EEEC6A33545}.Debug|x86.Build.0 = Debug|Win32
		{9CF2DA59-46BF-4F07-BEA5-7EEEC6A33545}.Release|Any CPU.ActiveCfg = Release|Win32
		{9CF2DA59-46BF-4F07-BEA5-7EEEC6A33545}.Release|x64.ActiveCfg = Release|x64
		{9CF2DA59-46BF-4F07-BEA5-7EEEC6A33545}.Release|x64.Build.0 = Release|x64
		{9CF2DA59-46BF-4F07-BEA5-7EEEC6A33545}.Release|x86.ActiveCfg = Release|Win32
		{9CF2DA59-46BF-4F07-BEA5-7EEEC6A33545}.Release|x86.Build.0 = Release|Win32
	EndGlobalSection
	GlobalSection(SolutionProperties) = preSolution
		HideSolutionNode = FALSE
	EndGlobalSection
	GlobalSection(ExtensibilityGlobals) = postSolution
		SolutionGuid = {A630E3DC-D460-4ADF-8D7B-D136942741C1}
	EndGlobalSection
EndGlobal
